{
  "pins" : [
    {
      "identity" : "alerttoast",
      "kind" : "remoteSourceControl",
      "location" : "https://github.com/elai950/AlertToast.git",
      "state" : {
        "branch" : "master",
        "revision" : "638f38f9daf08e17b7caea22d2fcb9c0a418d1b6"
      }
    },
    {
      "identity" : "bottomsheet",
      "kind" : "remoteSourceControl",
      "location" : "https://github.com/lucaszischka/BottomSheet",
      "state" : {
        "revision" : "720ddbd1371fef2a09cc1ab65fc503df37767f9c",
        "version" : "3.1.1"
      }
    },
    {
      "identity" : "sdwebimage",
      "kind" : "remoteSourceControl",
      "location" : "https://github.com/SDWebImage/SDWebImage.git",
      "state" : {
        "revision" : "b11493f76481dff17ac8f45274a6b698ba0d3af5",
        "version" : "5.18.11"
      }
    },
    {
      "identity" : "sdwebimageswiftui",
      "kind" : "remoteSourceControl",
      "location" : "https://github.com/SDWebImage/SDWebImageSwiftUI.git",
      "state" : {
        "revision" : "261b6cec35686d2dc192b809ab50742b4502a73b",
        "version" : "2.2.6"
      }
    },
    {
      "identity" : "sfsafesymbols",
      "kind" : "remoteSourceControl",
      "location" : "https://github.com/SFSafeSymbols/SFSafeSymbols.git",
      "state" : {
        "revision" : "7cca2d60925876b5953a2cf7341cd80fbeac983c",
        "version" : "4.1.1"
      }
    },
    {
      "identity" : "shapebuilder",
      "kind" : "remoteSourceControl",
      "location" : "https://github.com/ohitsdaniel/ShapeBuilder.git",
      "state" : {
        "revision" : "39f80d64136d90faf85956bf876967242b0f4663",
        "version" : "0.1.1"
      }
    },
    {
      "identity" : "splitview",
      "kind" : "remoteSourceControl",
      "location" : "https://github.com/stevengharris/SplitView.git",
      "state" : {
        "revision" : "b37d559fd334cd5403433a29a5da6fe78f80714a",
        "version" : "3.5.2"
      }
    },
    {
      "identity" : "swiftui-cached-async-image",
      "kind" : "remoteSourceControl",
      "location" : "https://github.com/lorenzofiamingo/swiftui-cached-async-image.git",
      "state" : {
        "revision" : "467a3d17479887943ab917a379e62bbaff60ac8a",
        "version" : "2.1.1"
      }
    },
    {
      "identity" : "swiftui-introspect",
      "kind" : "remoteSourceControl",
      "location" : "https://github.com/siteline/SwiftUI-Introspect.git",
      "state" : {
        "revision" : "121c146fe591b1320238d054ae35c81ffa45f45a",
        "version" : "0.12.0"
      }
    },
    {
      "identity" : "swiftui-shimmer",
      "kind" : "remoteSourceControl",
      "location" : "https://github.com/markiv/SwiftUI-Shimmer.git",
      "state" : {
        "revision" : "5659a623567cefe258d1e3e67cb65585fbb6ecb6",
        "version" : "1.4.2"
      }
    },
    {
      "identity" : "swiftuioverlaycontainer",
      "kind" : "remoteSourceControl",
      "location" : "https://github.com/fatbobman/SwiftUIOverlayContainer.git",
      "state" : {
        "revision" : "151b78849bc0b5741c9bc0ce5dfa7816e310d997",
        "version" : "2.4.0"
      }
    },
    {
      "identity" : "swiftyalert",
      "kind" : "remoteSourceControl",
      "location" : "https://github.com/chocoford/SwiftyAlert.git",
      "state" : {
        "branch" : "dev",
        "revision" : "790c34e354de7a74f01a74927c6fe19833d0f061"
      }
    }
  ],
  "version" : 2
}
