// !$*UTF8*$!
{
	archiveVersion = 1;
	classes = {
	};
	objectVersion = 60;
	objects = {

/* Begin PBXBuildFile section */
		3964D8572A6060B60039882E /* ChocofordEssentials in Frameworks */ = {isa = PBXBuildFile; productRef = 3964D8562A6060B60039882E /* ChocofordEssentials */; };
		3964D8592A6060B60039882E /* ChocofordUI in Frameworks */ = {isa = PBXBuildFile; productRef = 3964D8582A6060B60039882E /* ChocofordUI */; };
		3982CD522A2C8CBF0097DDD2 /* ChocofordKitExamplesApp.swift in Sources */ = {isa = PBXBuildFile; fileRef = 3982CD512A2C8CBF0097DDD2 /* ChocofordKitExamplesApp.swift */; };
		3982CD542A2C8CBF0097DDD2 /* ContentView.swift in Sources */ = {isa = PBXBuildFile; fileRef = 3982CD532A2C8CBF0097DDD2 /* ContentView.swift */; };
		3982CD562A2C8CC10097DDD2 /* Assets.xcassets in Resources */ = {isa = PBXBuildFile; fileRef = 3982CD552A2C8CC10097DDD2 /* Assets.xcassets */; };
		3982CD5A2A2C8CC10097DDD2 /* Preview Assets.xcassets in Resources */ = {isa = PBXBuildFile; fileRef = 3982CD592A2C8CC10097DDD2 /* Preview Assets.xcassets */; };
		3982CD622A2C8CF20097DDD2 /* ImageViewer.swift in Sources */ = {isa = PBXBuildFile; fileRef = 3982CD612A2C8CF20097DDD2 /* ImageViewer.swift */; };
/* End PBXBuildFile section */

/* Begin PBXFileReference section */
		3964D8542A6060010039882E /* Info.plist */ = {isa = PBXFileReference; lastKnownFileType = text.plist; path = Info.plist; sourceTree = "<group>"; };
		3982CD4E2A2C8CBF0097DDD2 /* ChocofordKitExamples.app */ = {isa = PBXFileReference; explicitFileType = wrapper.application; includeInIndex = 0; path = ChocofordKitExamples.app; sourceTree = BUILT_PRODUCTS_DIR; };
		3982CD512A2C8CBF0097DDD2 /* ChocofordKitExamplesApp.swift */ = {isa = PBXFileReference; lastKnownFileType = sourcecode.swift; path = ChocofordKitExamplesApp.swift; sourceTree = "<group>"; };
		3982CD532A2C8CBF0097DDD2 /* ContentView.swift */ = {isa = PBXFileReference; lastKnownFileType = sourcecode.swift; path = ContentView.swift; sourceTree = "<group>"; };
		3982CD552A2C8CC10097DDD2 /* Assets.xcassets */ = {isa = PBXFileReference; lastKnownFileType = folder.assetcatalog; path = Assets.xcassets; sourceTree = "<group>"; };
		3982CD572A2C8CC10097DDD2 /* ChocofordKitExamples.entitlements */ = {isa = PBXFileReference; lastKnownFileType = text.plist.entitlements; path = ChocofordKitExamples.entitlements; sourceTree = "<group>"; };
		3982CD592A2C8CC10097DDD2 /* Preview Assets.xcassets */ = {isa = PBXFileReference; lastKnownFileType = folder.assetcatalog; path = "Preview Assets.xcassets"; sourceTree = "<group>"; };
		3982CD612A2C8CF20097DDD2 /* ImageViewer.swift */ = {isa = PBXFileReference; lastKnownFileType = sourcecode.swift; path = ImageViewer.swift; sourceTree = "<group>"; };
/* End PBXFileReference section */

/* Begin PBXFrameworksBuildPhase section */
		3982CD4B2A2C8CBF0097DDD2 /* Frameworks */ = {
			isa = PBXFrameworksBuildPhase;
			buildActionMask = 2147483647;
			files = (
				3964D8592A6060B60039882E /* ChocofordUI in Frameworks */,
				3964D8572A6060B60039882E /* ChocofordEssentials in Frameworks */,
			);
			runOnlyForDeploymentPostprocessing = 0;
		};
/* End PBXFrameworksBuildPhase section */

/* Begin PBXGroup section */
		3964D85A2A6061BA0039882E /* UI */ = {
			isa = PBXGroup;
			children = (
				3982CD532A2C8CBF0097DDD2 /* ContentView.swift */,
				3982CD602A2C8CDC0097DDD2 /* useCases */,
			);
			path = UI;
			sourceTree = "<group>";
		};
		3982CD452A2C8CBF0097DDD2 = {
			isa = PBXGroup;
			children = (
				3982CD502A2C8CBF0097DDD2 /* ChocofordKitExamples */,
				3982CD4F2A2C8CBF0097DDD2 /* Products */,
				3982CD652A2C8DF40097DDD2 /* Frameworks */,
			);
			sourceTree = "<group>";
		};
		3982CD4F2A2C8CBF0097DDD2 /* Products */ = {
			isa = PBXGroup;
			children = (
				3982CD4E2A2C8CBF0097DDD2 /* ChocofordKitExamples.app */,
			);
			name = Products;
			sourceTree = "<group>";
		};
		3982CD502A2C8CBF0097DDD2 /* ChocofordKitExamples */ = {
			isa = PBXGroup;
			children = (
				3964D8542A6060010039882E /* Info.plist */,
				3982CD512A2C8CBF0097DDD2 /* ChocofordKitExamplesApp.swift */,
				3964D85A2A6061BA0039882E /* UI */,
				3982CD552A2C8CC10097DDD2 /* Assets.xcassets */,
				3982CD572A2C8CC10097DDD2 /* ChocofordKitExamples.entitlements */,
				3982CD582A2C8CC10097DDD2 /* Preview Content */,
			);
			path = ChocofordKitExamples;
			sourceTree = "<group>";
		};
		3982CD582A2C8CC10097DDD2 /* Preview Content */ = {
			isa = PBXGroup;
			children = (
				3982CD592A2C8CC10097DDD2 /* Preview Assets.xcassets */,
			);
			path = "Preview Content";
			sourceTree = "<group>";
		};
		3982CD602A2C8CDC0097DDD2 /* useCases */ = {
			isa = PBXGroup;
			children = (
				3982CD612A2C8CF20097DDD2 /* ImageViewer.swift */,
			);
			path = useCases;
			sourceTree = "<group>";
		};
		3982CD652A2C8DF40097DDD2 /* Frameworks */ = {
			isa = PBXGroup;
			children = (
			);
			name = Frameworks;
			sourceTree = "<group>";
		};
/* End PBXGroup section */

/* Begin PBXNativeTarget section */
		3982CD4D2A2C8CBF0097DDD2 /* ChocofordKitExamples */ = {
			isa = PBXNativeTarget;
			buildConfigurationList = 3982CD5D2A2C8CC10097DDD2 /* Build configuration list for PBXNativeTarget "ChocofordKitExamples" */;
			buildPhases = (
				3982CD4A2A2C8CBF0097DDD2 /* Sources */,
				3982CD4B2A2C8CBF0097DDD2 /* Frameworks */,
				3982CD4C2A2C8CBF0097DDD2 /* Resources */,
			);
			buildRules = (
			);
			dependencies = (
			);
			name = ChocofordKitExamples;
			packageProductDependencies = (
				3964D8562A6060B60039882E /* ChocofordEssentials */,
				3964D8582A6060B60039882E /* ChocofordUI */,
			);
			productName = ChocofordKitExamples;
			productReference = 3982CD4E2A2C8CBF0097DDD2 /* ChocofordKitExamples.app */;
			productType = "com.apple.product-type.application";
		};
/* End PBXNativeTarget section */

/* Begin PBXProject section */
		3982CD462A2C8CBF0097DDD2 /* Project object */ = {
			isa = PBXProject;
			attributes = {
				BuildIndependentTargetsInParallel = 1;
				LastSwiftUpdateCheck = 1430;
				LastUpgradeCheck = 1430;
				TargetAttributes = {
					3982CD4D2A2C8CBF0097DDD2 = {
						CreatedOnToolsVersion = 14.3;
					};
				};
			};
			buildConfigurationList = 3982CD492A2C8CBF0097DDD2 /* Build configuration list for PBXProject "ChocofordKitExamples" */;
			compatibilityVersion = "Xcode 14.0";
			developmentRegion = en;
			hasScannedForEncodings = 0;
			knownRegions = (
				en,
				Base,
			);
			mainGroup = 3982CD452A2C8CBF0097DDD2;
			packageReferences = (
				3964D8552A6060B60039882E /* XCLocalSwiftPackageReference ".." */,
			);
			productRefGroup = 3982CD4F2A2C8CBF0097DDD2 /* Products */;
			projectDirPath = "";
			projectRoot = "";
			targets = (
				3982CD4D2A2C8CBF0097DDD2 /* ChocofordKitExamples */,
			);
		};
/* End PBXProject section */

/* Begin PBXResourcesBuildPhase section */
		3982CD4C2A2C8CBF0097DDD2 /* Resources */ = {
			isa = PBXResourcesBuildPhase;
			buildActionMask = 2147483647;
			files = (
				3982CD5A2A2C8CC10097DDD2 /* Preview Assets.xcassets in Resources */,
				3982CD562A2C8CC10097DDD2 /* Assets.xcassets in Resources */,
			);
			runOnlyForDeploymentPostprocessing = 0;
		};
/* End PBXResourcesBuildPhase section */

/* Begin PBXSourcesBuildPhase section */
		3982CD4A2A2C8CBF0097DDD2 /* Sources */ = {
			isa = PBXSourcesBuildPhase;
			buildActionMask = 2147483647;
			files = (
				3982CD622A2C8CF20097DDD2 /* ImageViewer.swift in Sources */,
				3982CD542A2C8CBF0097DDD2 /* ContentView.swift in Sources */,
				3982CD522A2C8CBF0097DDD2 /* ChocofordKitExamplesApp.swift in Sources */,
			);
			runOnlyForDeploymentPostprocessing = 0;
		};
/* End PBXSourcesBuildPhase section */

/* Begin XCBuildConfiguration section */
		3982CD5B2A2C8CC10097DDD2 /* Debug */ = {
			isa = XCBuildConfiguration;
			buildSettings = {
				ALWAYS_SEARCH_USER_PATHS = NO;
				CLANG_ANALYZER_NONNULL = YES;
				CLANG_ANALYZER_NUMBER_OBJECT_CONVERSION = YES_AGGRESSIVE;
				CLANG_CXX_LANGUAGE_STANDARD = "gnu++20";
				CLANG_ENABLE_MODULES = YES;
				CLANG_ENABLE_OBJC_ARC = YES;
				CLANG_ENABLE_OBJC_WEAK = YES;
				CLANG_WARN_BLOCK_CAPTURE_AUTORELEASING = YES;
				CLANG_WARN_BOOL_CONVERSION = YES;
				CLANG_WARN_COMMA = YES;
				CLANG_WARN_CONSTANT_CONVERSION = YES;
				CLANG_WARN_DEPRECATED_OBJC_IMPLEMENTATIONS = YES;
				CLANG_WARN_DIRECT_OBJC_ISA_USAGE = YES_ERROR;
				CLANG_WARN_DOCUMENTATION_COMMENTS = YES;
				CLANG_WARN_EMPTY_BODY = YES;
				CLANG_WARN_ENUM_CONVERSION = YES;
				CLANG_WARN_INFINITE_RECURSION = YES;
				CLANG_WARN_INT_CONVERSION = YES;
				CLANG_WARN_NON_LITERAL_NULL_CONVERSION = YES;
				CLANG_WARN_OBJC_IMPLICIT_RETAIN_SELF = YES;
				CLANG_WARN_OBJC_LITERAL_CONVERSION = YES;
				CLANG_WARN_OBJC_ROOT_CLASS = YES_ERROR;
				CLANG_WARN_QUOTED_INCLUDE_IN_FRAMEWORK_HEADER = YES;
				CLANG_WARN_RANGE_LOOP_ANALYSIS = YES;
				CLANG_WARN_STRICT_PROTOTYPES = YES;
				CLANG_WARN_SUSPICIOUS_MOVE = YES;
				CLANG_WARN_UNGUARDED_AVAILABILITY = YES_AGGRESSIVE;
				CLANG_WARN_UNREACHABLE_CODE = YES;
				CLANG_WARN__DUPLICATE_METHOD_MATCH = YES;
				COPY_PHASE_STRIP = NO;
				DEBUG_INFORMATION_FORMAT = dwarf;
				ENABLE_STRICT_OBJC_MSGSEND = YES;
				ENABLE_TESTABILITY = YES;
				GCC_C_LANGUAGE_STANDARD = gnu11;
				GCC_DYNAMIC_NO_PIC = NO;
				GCC_NO_COMMON_BLOCKS = YES;
				GCC_OPTIMIZATION_LEVEL = 0;
				GCC_PREPROCESSOR_DEFINITIONS = (
					"DEBUG=1",
					"$(inherited)",
				);
				GCC_WARN_64_TO_32_BIT_CONVERSION = YES;
				GCC_WARN_ABOUT_RETURN_TYPE = YES_ERROR;
				GCC_WARN_UNDECLARED_SELECTOR = YES;
				GCC_WARN_UNINITIALIZED_AUTOS = YES_AGGRESSIVE;
				GCC_WARN_UNUSED_FUNCTION = YES;
				GCC_WARN_UNUSED_VARIABLE = YES;
				MTL_ENABLE_DEBUG_INFO = INCLUDE_SOURCE;
				MTL_FAST_MATH = YES;
				ONLY_ACTIVE_ARCH = YES;
				SWIFT_ACTIVE_COMPILATION_CONDITIONS = DEBUG;
				SWIFT_OPTIMIZATION_LEVEL = "-Onone";
			};
			name = Debug;
		};
		3982CD5C2A2C8CC10097DDD2 /* Release */ = {
			isa = XCBuildConfiguration;
			buildSettings = {
				ALWAYS_SEARCH_USER_PATHS = NO;
				CLANG_ANALYZER_NONNULL = YES;
				CLANG_ANALYZER_NUMBER_OBJECT_CONVERSION = YES_AGGRESSIVE;
				CLANG_CXX_LANGUAGE_STANDARD = "gnu++20";
				CLANG_ENABLE_MODULES = YES;
				CLANG_ENABLE_OBJC_ARC = YES;
				CLANG_ENABLE_OBJC_WEAK = YES;
				CLANG_WARN_BLOCK_CAPTURE_AUTORELEASING = YES;
				CLANG_WARN_BOOL_CONVERSION = YES;
				CLANG_WARN_COMMA = YES;
				CLANG_WARN_CONSTANT_CONVERSION = YES;
				CLANG_WARN_DEPRECATED_OBJC_IMPLEMENTATIONS = YES;
				CLANG_WARN_DIRECT_OBJC_ISA_USAGE = YES_ERROR;
				CLANG_WARN_DOCUMENTATION_COMMENTS = YES;
				CLANG_WARN_EMPTY_BODY = YES;
				CLANG_WARN_ENUM_CONVERSION = YES;
				CLANG_WARN_INFINITE_RECURSION = YES;
				CLANG_WARN_INT_CONVERSION = YES;
				CLANG_WARN_NON_LITERAL_NULL_CONVERSION = YES;
				CLANG_WARN_OBJC_IMPLICIT_RETAIN_SELF = YES;
				CLANG_WARN_OBJC_LITERAL_CONVERSION = YES;
				CLANG_WARN_OBJC_ROOT_CLASS = YES_ERROR;
				CLANG_WARN_QUOTED_INCLUDE_IN_FRAMEWORK_HEADER = YES;
				CLANG_WARN_RANGE_LOOP_ANALYSIS = YES;
				CLANG_WARN_STRICT_PROTOTYPES = YES;
				CLANG_WARN_SUSPICIOUS_MOVE = YES;
				CLANG_WARN_UNGUARDED_AVAILABILITY = YES_AGGRESSIVE;
				CLANG_WARN_UNREACHABLE_CODE = YES;
				CLANG_WARN__DUPLICATE_METHOD_MATCH = YES;
				COPY_PHASE_STRIP = NO;
				DEBUG_INFORMATION_FORMAT = "dwarf-with-dsym";
				ENABLE_NS_ASSERTIONS = NO;
				ENABLE_STRICT_OBJC_MSGSEND = YES;
				GCC_C_LANGUAGE_STANDARD = gnu11;
				GCC_NO_COMMON_BLOCKS = YES;
				GCC_WARN_64_TO_32_BIT_CONVERSION = YES;
				GCC_WARN_ABOUT_RETURN_TYPE = YES_ERROR;
				GCC_WARN_UNDECLARED_SELECTOR = YES;
				GCC_WARN_UNINITIALIZED_AUTOS = YES_AGGRESSIVE;
				GCC_WARN_UNUSED_FUNCTION = YES;
				GCC_WARN_UNUSED_VARIABLE = YES;
				MTL_ENABLE_DEBUG_INFO = NO;
				MTL_FAST_MATH = YES;
				SWIFT_COMPILATION_MODE = wholemodule;
				SWIFT_OPTIMIZATION_LEVEL = "-O";
			};
			name = Release;
		};
		3982CD5E2A2C8CC10097DDD2 /* Debug */ = {
			isa = XCBuildConfiguration;
			buildSettings = {
				ASSETCATALOG_COMPILER_APPICON_NAME = AppIcon;
				ASSETCATALOG_COMPILER_GLOBAL_ACCENT_COLOR_NAME = AccentColor;
				CODE_SIGN_ENTITLEMENTS = ChocofordKitExamples/ChocofordKitExamples.entitlements;
				CODE_SIGN_STYLE = Automatic;
				CURRENT_PROJECT_VERSION = 1;
				DEVELOPMENT_ASSET_PATHS = "\"ChocofordKitExamples/Preview Content\"";
				DEVELOPMENT_TEAM = 96RJ77RT4T;
				ENABLE_HARDENED_RUNTIME = YES;
				ENABLE_PREVIEWS = YES;
				GENERATE_INFOPLIST_FILE = YES;
				INFOPLIST_FILE = ChocofordKitExamples/Info.plist;
				"INFOPLIST_KEY_UIApplicationSceneManifest_Generation[sdk=iphoneos*]" = YES;
				"INFOPLIST_KEY_UIApplicationSceneManifest_Generation[sdk=iphonesimulator*]" = YES;
				"INFOPLIST_KEY_UIApplicationSupportsIndirectInputEvents[sdk=iphoneos*]" = YES;
				"INFOPLIST_KEY_UIApplicationSupportsIndirectInputEvents[sdk=iphonesimulator*]" = YES;
				"INFOPLIST_KEY_UILaunchScreen_Generation[sdk=iphoneos*]" = YES;
				"INFOPLIST_KEY_UILaunchScreen_Generation[sdk=iphonesimulator*]" = YES;
				"INFOPLIST_KEY_UIStatusBarStyle[sdk=iphoneos*]" = UIStatusBarStyleDefault;
				"INFOPLIST_KEY_UIStatusBarStyle[sdk=iphonesimulator*]" = UIStatusBarStyleDefault;
				INFOPLIST_KEY_UISupportedInterfaceOrientations_iPad = "UIInterfaceOrientationPortrait UIInterfaceOrientationPortraitUpsideDown UIInterfaceOrientationLandscapeLeft UIInterfaceOrientationLandscapeRight";
				INFOPLIST_KEY_UISupportedInterfaceOrientations_iPhone = "UIInterfaceOrientationPortrait UIInterfaceOrientationLandscapeLeft UIInterfaceOrientationLandscapeRight";
				IPHONEOS_DEPLOYMENT_TARGET = 16.4;
				LD_RUNPATH_SEARCH_PATHS = "@executable_path/Frameworks";
				"LD_RUNPATH_SEARCH_PATHS[sdk=macosx*]" = "@executable_path/../Frameworks";
				MACOSX_DEPLOYMENT_TARGET = 13.3;
				MARKETING_VERSION = 1.0;
				PRODUCT_BUNDLE_IDENTIFIER = com.chocoford.ChocofordKitExamples;
				PRODUCT_NAME = "$(TARGET_NAME)";
				SDKROOT = auto;
				SUPPORTED_PLATFORMS = "iphoneos iphonesimulator macosx";
				SWIFT_EMIT_LOC_STRINGS = YES;
				SWIFT_VERSION = 5.0;
				TARGETED_DEVICE_FAMILY = "1,2";
			};
			name = Debug;
		};
		3982CD5F2A2C8CC10097DDD2 /* Release */ = {
			isa = XCBuildConfiguration;
			buildSettings = {
				ASSETCATALOG_COMPILER_APPICON_NAME = AppIcon;
				ASSETCATALOG_COMPILER_GLOBAL_ACCENT_COLOR_NAME = AccentColor;
				CODE_SIGN_ENTITLEMENTS = ChocofordKitExamples/ChocofordKitExamples.entitlements;
				CODE_SIGN_STYLE = Automatic;
				CURRENT_PROJECT_VERSION = 1;
				DEVELOPMENT_ASSET_PATHS = "\"ChocofordKitExamples/Preview Content\"";
				DEVELOPMENT_TEAM = 96RJ77RT4T;
				ENABLE_HARDENED_RUNTIME = YES;
				ENABLE_PREVIEWS = YES;
				GENERATE_INFOPLIST_FILE = YES;
				INFOPLIST_FILE = ChocofordKitExamples/Info.plist;
				"INFOPLIST_KEY_UIApplicationSceneManifest_Generation[sdk=iphoneos*]" = YES;
				"INFOPLIST_KEY_UIApplicationSceneManifest_Generation[sdk=iphonesimulator*]" = YES;
				"INFOPLIST_KEY_UIApplicationSupportsIndirectInputEvents[sdk=iphoneos*]" = YES;
				"INFOPLIST_KEY_UIApplicationSupportsIndirectInputEvents[sdk=iphonesimulator*]" = YES;
				"INFOPLIST_KEY_UILaunchScreen_Generation[sdk=iphoneos*]" = YES;
				"INFOPLIST_KEY_UILaunchScreen_Generation[sdk=iphonesimulator*]" = YES;
				"INFOPLIST_KEY_UIStatusBarStyle[sdk=iphoneos*]" = UIStatusBarStyleDefault;
				"INFOPLIST_KEY_UIStatusBarStyle[sdk=iphonesimulator*]" = UIStatusBarStyleDefault;
				INFOPLIST_KEY_UISupportedInterfaceOrientations_iPad = "UIInterfaceOrientationPortrait UIInterfaceOrientationPortraitUpsideDown UIInterfaceOrientationLandscapeLeft UIInterfaceOrientationLandscapeRight";
				INFOPLIST_KEY_UISupportedInterfaceOrientations_iPhone = "UIInterfaceOrientationPortrait UIInterfaceOrientationLandscapeLeft UIInterfaceOrientationLandscapeRight";
				IPHONEOS_DEPLOYMENT_TARGET = 16.4;
				LD_RUNPATH_SEARCH_PATHS = "@executable_path/Frameworks";
				"LD_RUNPATH_SEARCH_PATHS[sdk=macosx*]" = "@executable_path/../Frameworks";
				MACOSX_DEPLOYMENT_TARGET = 13.3;
				MARKETING_VERSION = 1.0;
				PRODUCT_BUNDLE_IDENTIFIER = com.chocoford.ChocofordKitExamples;
				PRODUCT_NAME = "$(TARGET_NAME)";
				SDKROOT = auto;
				SUPPORTED_PLATFORMS = "iphoneos iphonesimulator macosx";
				SWIFT_EMIT_LOC_STRINGS = YES;
				SWIFT_VERSION = 5.0;
				TARGETED_DEVICE_FAMILY = "1,2";
			};
			name = Release;
		};
/* End XCBuildConfiguration section */

/* Begin XCConfigurationList section */
		3982CD492A2C8CBF0097DDD2 /* Build configuration list for PBXProject "ChocofordKitExamples" */ = {
			isa = XCConfigurationList;
			buildConfigurations = (
				3982CD5B2A2C8CC10097DDD2 /* Debug */,
				3982CD5C2A2C8CC10097DDD2 /* Release */,
			);
			defaultConfigurationIsVisible = 0;
			defaultConfigurationName = Release;
		};
		3982CD5D2A2C8CC10097DDD2 /* Build configuration list for PBXNativeTarget "ChocofordKitExamples" */ = {
			isa = XCConfigurationList;
			buildConfigurations = (
				3982CD5E2A2C8CC10097DDD2 /* Debug */,
				3982CD5F2A2C8CC10097DDD2 /* Release */,
			);
			defaultConfigurationIsVisible = 0;
			defaultConfigurationName = Release;
		};
/* End XCConfigurationList section */

/* Begin XCLocalSwiftPackageReference section */
		3964D8552A6060B60039882E /* XCLocalSwiftPackageReference ".." */ = {
			isa = XCLocalSwiftPackageReference;
			relativePath = ..;
		};
/* End XCLocalSwiftPackageReference section */

/* Begin XCSwiftPackageProductDependency section */
		3964D8562A6060B60039882E /* ChocofordEssentials */ = {
			isa = XCSwiftPackageProductDependency;
			productName = ChocofordEssentials;
		};
		3964D8582A6060B60039882E /* ChocofordUI */ = {
			isa = XCSwiftPackageProductDependency;
			productName = ChocofordUI;
		};
/* End XCSwiftPackageProductDependency section */
	};
	rootObject = 3982CD462A2C8CBF0097DDD2 /* Project object */;
}
